// !$*UTF8*$!
{
	archiveVersion = 1;
	classes = {
	};
	objectVersion = 55;
	objects = {

/* Begin PBXBuildFile section */
		F79AC29127513287008C5395 /* AppDelegate.swift in Sources */ = {isa = PBXBuildFile; fileRef = F79AC29027513287008C5395 /* AppDelegate.swift */; };
		F79AC29327513287008C5395 /* SceneDelegate.swift in Sources */ = {isa = PBXBuildFile; fileRef = F79AC29227513287008C5395 /* SceneDelegate.swift */; };
		F79AC29527513287008C5395 /* ViewController.swift in Sources */ = {isa = PBXBuildFile; fileRef = F79AC29427513287008C5395 /* ViewController.swift */; };
		F79AC29827513287008C5395 /* Main.storyboard in Resources */ = {isa = PBXBuildFile; fileRef = F79AC29627513287008C5395 /* Main.storyboard */; };
		F79AC29A27513289008C5395 /* Assets.xcassets in Resources */ = {isa = PBXBuildFile; fileRef = F79AC29927513289008C5395 /* Assets.xcassets */; };
		F79AC29D27513289008C5395 /* LaunchScreen.storyboard in Resources */ = {isa = PBXBuildFile; fileRef = F79AC29B27513289008C5395 /* LaunchScreen.storyboard */; };
		F79AC2A827513289008C5395 /* lab10Tests.swift in Sources */ = {isa = PBXBuildFile; fileRef = F79AC2A727513289008C5395 /* lab10Tests.swift */; };
		F79AC2B227513289008C5395 /* lab10UITests.swift in Sources */ = {isa = PBXBuildFile; fileRef = F79AC2B127513289008C5395 /* lab10UITests.swift */; };
		F79AC2B427513289008C5395 /* lab10UITestsLaunchTests.swift in Sources */ = {isa = PBXBuildFile; fileRef = F79AC2B327513289008C5395 /* lab10UITestsLaunchTests.swift */; };
/* End PBXBuildFile section */

/* Begin PBXContainerItemProxy section */
		F79AC2A427513289008C5395 /* PBXContainerItemProxy */ = {
			isa = PBXContainerItemProxy;
			containerPortal = F79AC28527513287008C5395 /* Project object */;
			proxyType = 1;
			remoteGlobalIDString = F79AC28C27513287008C5395;
			remoteInfo = lab10;
		};
		F79AC2AE27513289008C5395 /* PBXContainerItemProxy */ = {
			isa = PBXContainerItemProxy;
			containerPortal = F79AC28527513287008C5395 /* Project object */;
			proxyType = 1;
			remoteGlobalIDString = F79AC28C27513287008C5395;
			remoteInfo = lab10;
		};
/* End PBXContainerItemProxy section */

/* Begin PBXFileReference section */
		F79AC28D27513287008C5395 /* lab10.app */ = {isa = PBXFileReference; explicitFileType = wrapper.application; includeInIndex = 0; path = lab10.app; sourceTree = BUILT_PRODUCTS_DIR; };
		F79AC29027513287008C5395 /* AppDelegate.swift */ = {isa = PBXFileReference; lastKnownFileType = sourcecode.swift; path = AppDelegate.swift; sourceTree = "<group>"; };
		F79AC29227513287008C5395 /* SceneDelegate.swift */ = {isa = PBXFileReference; lastKnownFileType = sourcecode.swift; path = SceneDelegate.swift; sourceTree = "<group>"; };
		F79AC29427513287008C5395 /* ViewController.swift */ = {isa = PBXFileReference; lastKnownFileType = sourcecode.swift; path = ViewController.swift; sourceTree = "<group>"; };
		F79AC29727513287008C5395 /* Base */ = {isa = PBXFileReference; lastKnownFileType = file.storyboard; name = Base; path = Base.lproj/Main.storyboard; sourceTree = "<group>"; };
		F79AC29927513289008C5395 /* Assets.xcassets */ = {isa = PBXFileReference; lastKnownFileType = folder.assetcatalog; path = Assets.xcassets; sourceTree = "<group>"; };
		F79AC29C27513289008C5395 /* Base */ = {isa = PBXFileReference; lastKnownFileType = file.storyboard; name = Base; path = Base.lproj/LaunchScreen.storyboard; sourceTree = "<group>"; };
		F79AC29E27513289008C5395 /* Info.plist */ = {isa = PBXFileReference; lastKnownFileType = text.plist.xml; path = Info.plist; sourceTree = "<group>"; };
		F79AC2A327513289008C5395 /* lab10Tests.xctest */ = {isa = PBXFileReference; explicitFileType = wrapper.cfbundle; includeInIndex = 0; path = lab10Tests.xctest; sourceTree = BUILT_PRODUCTS_DIR; };
		F79AC2A727513289008C5395 /* lab10Tests.swift */ = {isa = PBXFileReference; lastKnownFileType = sourcecode.swift; path = lab10Tests.swift; sourceTree = "<group>"; };
		F79AC2AD27513289008C5395 /* lab10UITests.xctest */ = {isa = PBXFileReference; explicitFileType = wrapper.cfbundle; includeInIndex = 0; path = lab10UITests.xctest; sourceTree = BUILT_PRODUCTS_DIR; };
		F79AC2B127513289008C5395 /* lab10UITests.swift */ = {isa = PBXFileReference; lastKnownFileType = sourcecode.swift; path = lab10UITests.swift; sourceTree = "<group>"; };
		F79AC2B327513289008C5395 /* lab10UITestsLaunchTests.swift */ = {isa = PBXFileReference; lastKnownFileType = sourcecode.swift; path = lab10UITestsLaunchTests.swift; sourceTree = "<group>"; };
/* End PBXFileReference section */

/* Begin PBXFrameworksBuildPhase section */
		F79AC28A27513287008C5395 /* Frameworks */ = {
			isa = PBXFrameworksBuildPhase;
			buildActionMask = 2147483647;
			files = (
			);
			runOnlyForDeploymentPostprocessing = 0;
		};
		F79AC2A027513289008C5395 /* Frameworks */ = {
			isa = PBXFrameworksBuildPhase;
			buildActionMask = 2147483647;
			files = (
			);
			runOnlyForDeploymentPostprocessing = 0;
		};
		F79AC2AA27513289008C5395 /* Frameworks */ = {
			isa = PBXFrameworksBuildPhase;
			buildActionMask = 2147483647;
			files = (
			);
			runOnlyForDeploymentPostprocessing = 0;
		};
/* End PBXFrameworksBuildPhase section */

/* Begin PBXGroup section */
		F79AC28427513287008C5395 = {
			isa = PBXGroup;
			children = (
				F79AC28F27513287008C5395 /* lab10 */,
				F79AC2A627513289008C5395 /* lab10Tests */,
				F79AC2B027513289008C5395 /* lab10UITests */,
				F79AC28E27513287008C5395 /* Products */,
			);
			sourceTree = "<group>";
		};
		F79AC28E27513287008C5395 /* Products */ = {
			isa = PBXGroup;
			children = (
				F79AC28D27513287008C5395 /* lab10.app */,
				F79AC2A327513289008C5395 /* lab10Tests.xctest */,
				F79AC2AD27513289008C5395 /* lab10UITests.xctest */,
			);
			name = Products;
			sourceTree = "<group>";
		};
		F79AC28F27513287008C5395 /* lab10 */ = {
			isa = PBXGroup;
			children = (
				F79AC29027513287008C5395 /* AppDelegate.swift */,
				F79AC29227513287008C5395 /* SceneDelegate.swift */,
				F79AC29427513287008C5395 /* ViewController.swift */,
				F79AC29627513287008C5395 /* Main.storyboard */,
				F79AC29927513289008C5395 /* Assets.xcassets */,
				F79AC29B27513289008C5395 /* LaunchScreen.storyboard */,
				F79AC29E27513289008C5395 /* Info.plist */,
			);
			path = lab10;
			sourceTree = "<group>";
		};
		F79AC2A627513289008C5395 /* lab10Tests */ = {
			isa = PBXGroup;
			children = (
				F79AC2A727513289008C5395 /* lab10Tests.swift */,
			);
			path = lab10Tests;
			sourceTree = "<group>";
		};
		F79AC2B027513289008C5395 /* lab10UITests */ = {
			isa = PBXGroup;
			children = (
				F79AC2B127513289008C5395 /* lab10UITests.swift */,
				F79AC2B327513289008C5395 /* lab10UITestsLaunchTests.swift */,
			);
			path = lab10UITests;
			sourceTree = "<group>";
		};
/* End PBXGroup section */

/* Begin PBXNativeTarget section */
		F79AC28C27513287008C5395 /* lab10 */ = {
			isa = PBXNativeTarget;
			buildConfigurationList = F79AC2B727513289008C5395 /* Build configuration list for PBXNativeTarget "lab10" */;
			buildPhases = (
				F79AC28927513287008C5395 /* Sources */,
				F79AC28A27513287008C5395 /* Frameworks */,
				F79AC28B27513287008C5395 /* Resources */,
			);
			buildRules = (
			);
			dependencies = (
			);
			name = lab10;
			productName = lab10;
			productReference = F79AC28D27513287008C5395 /* lab10.app */;
			productType = "com.apple.product-type.application";
		};
		F79AC2A227513289008C5395 /* lab10Tests */ = {
			isa = PBXNativeTarget;
			buildConfigurationList = F79AC2BA27513289008C5395 /* Build configuration list for PBXNativeTarget "lab10Tests" */;
			buildPhases = (
				F79AC29F27513289008C5395 /* Sources */,
				F79AC2A027513289008C5395 /* Frameworks */,
				F79AC2A127513289008C5395 /* Resources */,
			);
			buildRules = (
			);
			dependencies = (
				F79AC2A527513289008C5395 /* PBXTargetDependency */,
			);
			name = lab10Tests;
			productName = lab10Tests;
			productReference = F79AC2A327513289008C5395 /* lab10Tests.xctest */;
			productType = "com.apple.product-type.bundle.unit-test";
		};
		F79AC2AC27513289008C5395 /* lab10UITests */ = {
			isa = PBXNativeTarget;
			buildConfigurationList = F79AC2BD27513289008C5395 /* Build configuration list for PBXNativeTarget "lab10UITests" */;
			buildPhases = (
				F79AC2A927513289008C5395 /* Sources */,
				F79AC2AA27513289008C5395 /* Frameworks */,
				F79AC2AB27513289008C5395 /* Resources */,
			);
			buildRules = (
			);
			dependencies = (
				F79AC2AF27513289008C5395 /* PBXTargetDependency */,
			);
			name = lab10UITests;
			productName = lab10UITests;
			productReference = F79AC2AD27513289008C5395 /* lab10UITests.xctest */;
			productType = "com.apple.product-type.bundle.ui-testing";
		};
/* End PBXNativeTarget section */

/* Begin PBXProject section */
		F79AC28527513287008C5395 /* Project object */ = {
			isa = PBXProject;
			attributes = {
				BuildIndependentTargetsInParallel = 1;
				LastSwiftUpdateCheck = 1300;
				LastUpgradeCheck = 1300;
				TargetAttributes = {
					F79AC28C27513287008C5395 = {
						CreatedOnToolsVersion = 13.0;
					};
					F79AC2A227513289008C5395 = {
						CreatedOnToolsVersion = 13.0;
						TestTargetID = F79AC28C27513287008C5395;
					};
					F79AC2AC27513289008C5395 = {
						CreatedOnToolsVersion = 13.0;
						TestTargetID = F79AC28C27513287008C5395;
					};
				};
			};
			buildConfigurationList = F79AC28827513287008C5395 /* Build configuration list for PBXProject "lab10" */;
			compatibilityVersion = "Xcode 13.0";
			developmentRegion = en;
			hasScannedForEncodings = 0;
			knownRegions = (
				en,
				Base,
			);
			mainGroup = F79AC28427513287008C5395;
			productRefGroup = F79AC28E27513287008C5395 /* Products */;
			projectDirPath = "";
			projectRoot = "";
			targets = (
				F79AC28C27513287008C5395 /* lab10 */,
				F79AC2A227513289008C5395 /* lab10Tests */,
				F79AC2AC27513289008C5395 /* lab10UITests */,
			);
		};
/* End PBXProject section */

/* Begin PBXResourcesBuildPhase section */
		F79AC28B27513287008C5395 /* Resources */ = {
			isa = PBXResourcesBuildPhase;
			buildActionMask = 2147483647;
			files = (
				F79AC29D27513289008C5395 /* LaunchScreen.storyboard in Resources */,
				F79AC29A27513289008C5395 /* Assets.xcassets in Resources */,
				F79AC29827513287008C5395 /* Main.storyboard in Resources */,
			);
			runOnlyForDeploymentPostprocessing = 0;
		};
		F79AC2A127513289008C5395 /* Resources */ = {
			isa = PBXResourcesBuildPhase;
			buildActionMask = 2147483647;
			files = (
			);
			runOnlyForDeploymentPostprocessing = 0;
		};
		F79AC2AB27513289008C5395 /* Resources */ = {
			isa = PBXResourcesBuildPhase;
			buildActionMask = 2147483647;
			files = (
			);
			runOnlyForDeploymentPostprocessing = 0;
		};
/* End PBXResourcesBuildPhase section */

/* Begin PBXSourcesBuildPhase section */
		F79AC28927513287008C5395 /* Sources */ = {
			isa = PBXSourcesBuildPhase;
			buildActionMask = 2147483647;
			files = (
				F79AC29527513287008C5395 /* ViewController.swift in Sources */,
				F79AC29127513287008C5395 /* AppDelegate.swift in Sources */,
				F79AC29327513287008C5395 /* SceneDelegate.swift in Sources */,
			);
			runOnlyForDeploymentPostprocessing = 0;
		};
		F79AC29F27513289008C5395 /* Sources */ = {
			isa = PBXSourcesBuildPhase;
			buildActionMask = 2147483647;
			files = (
				F79AC2A827513289008C5395 /* lab10Tests.swift in Sources */,
			);
			runOnlyForDeploymentPostprocessing = 0;
		};
		F79AC2A927513289008C5395 /* Sources */ = {
			isa = PBXSourcesBuildPhase;
			buildActionMask = 2147483647;
			files = (
				F79AC2B227513289008C5395 /* lab10UITests.swift in Sources */,
				F79AC2B427513289008C5395 /* lab10UITestsLaunchTests.swift in Sources */,
			);
			runOnlyForDeploymentPostprocessing = 0;
		};
/* End PBXSourcesBuildPhase section */

/* Begin PBXTargetDependency section */
		F79AC2A527513289008C5395 /* PBXTargetDependency */ = {
			isa = PBXTargetDependency;
			target = F79AC28C27513287008C5395 /* lab10 */;
			targetProxy = F79AC2A427513289008C5395 /* PBXContainerItemProxy */;
		};
		F79AC2AF27513289008C5395 /* PBXTargetDependency */ = {
			isa = PBXTargetDependency;
			target = F79AC28C27513287008C5395 /* lab10 */;
			targetProxy = F79AC2AE27513289008C5395 /* PBXContainerItemProxy */;
		};
/* End PBXTargetDependency section */

/* Begin PBXVariantGroup section */
		F79AC29627513287008C5395 /* Main.storyboard */ = {
			isa = PBXVariantGroup;
			children = (
				F79AC29727513287008C5395 /* Base */,
			);
			name = Main.storyboard;
			sourceTree = "<group>";
		};
		F79AC29B27513289008C5395 /* LaunchScreen.storyboard */ = {
			isa = PBXVariantGroup;
			children = (
				F79AC29C27513289008C5395 /* Base */,
			);
			name = LaunchScreen.storyboard;
			sourceTree = "<group>";
		};
/* End PBXVariantGroup section */

/* Begin XCBuildConfiguration section */
		F79AC2B527513289008C5395 /* Debug */ = {
			isa = XCBuildConfiguration;
			buildSettings = {
				ALWAYS_SEARCH_USER_PATHS = NO;
				CLANG_ANALYZER_NONNULL = YES;
				CLANG_ANALYZER_NUMBER_OBJECT_CONVERSION = YES_AGGRESSIVE;
				CLANG_CXX_LANGUAGE_STANDARD = "gnu++17";
				CLANG_CXX_LIBRARY = "libc++";
				CLANG_ENABLE_MODULES = YES;
				CLANG_ENABLE_OBJC_ARC = YES;
				CLANG_ENABLE_OBJC_WEAK = YES;
				CLANG_WARN_BLOCK_CAPTURE_AUTORELEASING = YES;
				CLANG_WARN_BOOL_CONVERSION = YES;
				CLANG_WARN_COMMA = YES;
				CLANG_WARN_CONSTANT_CONVERSION = YES;
				CLANG_WARN_DEPRECATED_OBJC_IMPLEMENTATIONS = YES;
				CLANG_WARN_DIRECT_OBJC_ISA_USAGE = YES_ERROR;
				CLANG_WARN_DOCUMENTATION_COMMENTS = YES;
				CLANG_WARN_EMPTY_BODY = YES;
				CLANG_WARN_ENUM_CONVERSION = YES;
				CLANG_WARN_INFINITE_RECURSION = YES;
				CLANG_WARN_INT_CONVERSION = YES;
				CLANG_WARN_NON_LITERAL_NULL_CONVERSION = YES;
				CLANG_WARN_OBJC_IMPLICIT_RETAIN_SELF = YES;
				CLANG_WARN_OBJC_LITERAL_CONVERSION = YES;
				CLANG_WARN_OBJC_ROOT_CLASS = YES_ERROR;
				CLANG_WARN_QUOTED_INCLUDE_IN_FRAMEWORK_HEADER = YES;
				CLANG_WARN_RANGE_LOOP_ANALYSIS = YES;
				CLANG_WARN_STRICT_PROTOTYPES = YES;
				CLANG_WARN_SUSPICIOUS_MOVE = YES;
				CLANG_WARN_UNGUARDED_AVAILABILITY = YES_AGGRESSIVE;
				CLANG_WARN_UNREACHABLE_CODE = YES;
				CLANG_WARN__DUPLICATE_METHOD_MATCH = YES;
				COPY_PHASE_STRIP = NO;
				DEBUG_INFORMATION_FORMAT = dwarf;
				ENABLE_STRICT_OBJC_MSGSEND = YES;
				ENABLE_TESTABILITY = YES;
				GCC_C_LANGUAGE_STANDARD = gnu11;
				GCC_DYNAMIC_NO_PIC = NO;
				GCC_NO_COMMON_BLOCKS = YES;
				GCC_OPTIMIZATION_LEVEL = 0;
				GCC_PREPROCESSOR_DEFINITIONS = (
					"DEBUG=1",
					"$(inherited)",
				);
				GCC_WARN_64_TO_32_BIT_CONVERSION = YES;
				GCC_WARN_ABOUT_RETURN_TYPE = YES_ERROR;
				GCC_WARN_UNDECLARED_SELECTOR = YES;
				GCC_WARN_UNINITIALIZED_AUTOS = YES_AGGRESSIVE;
				GCC_WARN_UNUSED_FUNCTION = YES;
				GCC_WARN_UNUSED_VARIABLE = YES;
				IPHONEOS_DEPLOYMENT_TARGET = 15.0;
				MTL_ENABLE_DEBUG_INFO = INCLUDE_SOURCE;
				MTL_FAST_MATH = YES;
				ONLY_ACTIVE_ARCH = YES;
				SDKROOT = iphoneos;
				SWIFT_ACTIVE_COMPILATION_CONDITIONS = DEBUG;
				SWIFT_OPTIMIZATION_LEVEL = "-Onone";
			};
			name = Debug;
		};
		F79AC2B627513289008C5395 /* Release */ = {
			isa = XCBuildConfiguration;
			buildSettings = {
				ALWAYS_SEARCH_USER_PATHS = NO;
				CLANG_ANALYZER_NONNULL = YES;
				CLANG_ANALYZER_NUMBER_OBJECT_CONVERSION = YES_AGGRESSIVE;
				CLANG_CXX_LANGUAGE_STANDARD = "gnu++17";
				CLANG_CXX_LIBRARY = "libc++";
				CLANG_ENABLE_MODULES = YES;
				CLANG_ENABLE_OBJC_ARC = YES;
				CLANG_ENABLE_OBJC_WEAK = YES;
				CLANG_WARN_BLOCK_CAPTURE_AUTORELEASING = YES;
				CLANG_WARN_BOOL_CONVERSION = YES;
				CLANG_WARN_COMMA = YES;
				CLANG_WARN_CONSTANT_CONVERSION = YES;
				CLANG_WARN_DEPRECATED_OBJC_IMPLEMENTATIONS = YES;
				CLANG_WARN_DIRECT_OBJC_ISA_USAGE = YES_ERROR;
				CLANG_WARN_DOCUMENTATION_COMMENTS = YES;
				CLANG_WARN_EMPTY_BODY = YES;
				CLANG_WARN_ENUM_CONVERSION = YES;
				CLANG_WARN_INFINITE_RECURSION = YES;
				CLANG_WARN_INT_CONVERSION = YES;
				CLANG_WARN_NON_LITERAL_NULL_CONVERSION = YES;
				CLANG_WARN_OBJC_IMPLICIT_RETAIN_SELF = YES;
				CLANG_WARN_OBJC_LITERAL_CONVERSION = YES;
				CLANG_WARN_OBJC_ROOT_CLASS = YES_ERROR;
				CLANG_WARN_QUOTED_INCLUDE_IN_FRAMEWORK_HEADER = YES;
				CLANG_WARN_RANGE_LOOP_ANALYSIS = YES;
				CLANG_WARN_STRICT_PROTOTYPES = YES;
				CLANG_WARN_SUSPICIOUS_MOVE = YES;
				CLANG_WARN_UNGUARDED_AVAILABILITY = YES_AGGRESSIVE;
				CLANG_WARN_UNREACHABLE_CODE = YES;
				CLANG_WARN__DUPLICATE_METHOD_MATCH = YES;
				COPY_PHASE_STRIP = NO;
				DEBUG_INFORMATION_FORMAT = "dwarf-with-dsym";
				ENABLE_NS_ASSERTIONS = NO;
				ENABLE_STRICT_OBJC_MSGSEND = YES;
				GCC_C_LANGUAGE_STANDARD = gnu11;
				GCC_NO_COMMON_BLOCKS = YES;
				GCC_WARN_64_TO_32_BIT_CONVERSION = YES;
				GCC_WARN_ABOUT_RETURN_TYPE = YES_ERROR;
				GCC_WARN_UNDECLARED_SELECTOR = YES;
				GCC_WARN_UNINITIALIZED_AUTOS = YES_AGGRESSIVE;
				GCC_WARN_UNUSED_FUNCTION = YES;
				GCC_WARN_UNUSED_VARIABLE = YES;
				IPHONEOS_DEPLOYMENT_TARGET = 15.0;
				MTL_ENABLE_DEBUG_INFO = NO;
				MTL_FAST_MATH = YES;
				SDKROOT = iphoneos;
				SWIFT_COMPILATION_MODE = wholemodule;
				SWIFT_OPTIMIZATION_LEVEL = "-O";
				VALIDATE_PRODUCT = YES;
			};
			name = Release;
		};
		F79AC2B827513289008C5395 /* Debug */ = {
			isa = XCBuildConfiguration;
			buildSettings = {
				ASSETCATALOG_COMPILER_APPICON_NAME = AppIcon;
				ASSETCATALOG_COMPILER_GLOBAL_ACCENT_COLOR_NAME = AccentColor;
				CODE_SIGN_STYLE = Automatic;
				CURRENT_PROJECT_VERSION = 1;
				DEVELOPMENT_TEAM = 327B3A875Q;
				GENERATE_INFOPLIST_FILE = YES;
				INFOPLIST_FILE = lab10/Info.plist;
				INFOPLIST_KEY_UIApplicationSupportsIndirectInputEvents = YES;
				INFOPLIST_KEY_UILaunchStoryboardName = LaunchScreen;
				INFOPLIST_KEY_UIMainStoryboardFile = Main;
				INFOPLIST_KEY_UISupportedInterfaceOrientations_iPad = "UIInterfaceOrientationPortrait UIInterfaceOrientationPortraitUpsideDown UIInterfaceOrientationLandscapeLeft UIInterfaceOrientationLandscapeRight";
				INFOPLIST_KEY_UISupportedInterfaceOrientations_iPhone = "UIInterfaceOrientationPortrait UIInterfaceOrientationLandscapeLeft UIInterfaceOrientationLandscapeRight";
				LD_RUNPATH_SEARCH_PATHS = (
					"$(inherited)",
					"@executable_path/Frameworks",
				);
				MARKETING_VERSION = 1.0;
				PRODUCT_BUNDLE_IDENTIFIER = iitu.lab10;
				PRODUCT_NAME = "$(TARGET_NAME)";
				SWIFT_EMIT_LOC_STRINGS = YES;
				SWIFT_VERSION = 5.0;
				TARGETED_DEVICE_FAMILY = "1,2";
			};
			name = Debug;
		};
		F79AC2B927513289008C5395 /* Release */ = {
			isa = XCBuildConfiguration;
			buildSettings = {
				ASSETCATALOG_COMPILER_APPICON_NAME = AppIcon;
				ASSETCATALOG_COMPILER_GLOBAL_ACCENT_COLOR_NAME = AccentColor;
				CODE_SIGN_STYLE = Automatic;
				CURRENT_PROJECT_VERSION = 1;
				DEVELOPMENT_TEAM = 327B3A875Q;
				GENERATE_INFOPLIST_FILE = YES;
				INFOPLIST_FILE = lab10/Info.plist;
				INFOPLIST_KEY_UIApplicationSupportsIndirectInputEvents = YES;
				INFOPLIST_KEY_UILaunchStoryboardName = LaunchScreen;
				INFOPLIST_KEY_UIMainStoryboardFile = Main;
				INFOPLIST_KEY_UISupportedInterfaceOrientations_iPad = "UIInterfaceOrientationPortrait UIInterfaceOrientationPortraitUpsideDown UIInterfaceOrientationLandscapeLeft UIInterfaceOrientationLandscapeRight";
				INFOPLIST_KEY_UISupportedInterfaceOrientations_iPhone = "UIInterfaceOrientationPortrait UIInterfaceOrientationLandscapeLeft UIInterfaceOrientationLandscapeRight";
				LD_RUNPATH_SEARCH_PATHS = (
					"$(inherited)",
					"@executable_path/Frameworks",
				);
				MARKETING_VERSION = 1.0;
				PRODUCT_BUNDLE_IDENTIFIER = iitu.lab10;
				PRODUCT_NAME = "$(TARGET_NAME)";
				SWIFT_EMIT_LOC_STRINGS = YES;
				SWIFT_VERSION = 5.0;
				TARGETED_DEVICE_FAMILY = "1,2";
			};
			name = Release;
		};
		F79AC2BB27513289008C5395 /* Debug */ = {
			isa = XCBuildConfiguration;
			buildSettings = {
				ALWAYS_EMBED_SWIFT_STANDARD_LIBRARIES = YES;
				BUNDLE_LOADER = "$(TEST_HOST)";
				CODE_SIGN_STYLE = Automatic;
				CURRENT_PROJECT_VERSION = 1;
				DEVELOPMENT_TEAM = 327B3A875Q;
				GENERATE_INFOPLIST_FILE = YES;
				IPHONEOS_DEPLOYMENT_TARGET = 15.0;
				LD_RUNPATH_SEARCH_PATHS = (
					"$(inherited)",
					"@executable_path/Frameworks",
					"@loader_path/Frameworks",
				);
				MARKETING_VERSION = 1.0;
				PRODUCT_BUNDLE_IDENTIFIER = iitu.lab10Tests;
				PRODUCT_NAME = "$(TARGET_NAME)";
				SWIFT_EMIT_LOC_STRINGS = NO;
				SWIFT_VERSION = 5.0;
				TARGETED_DEVICE_FAMILY = "1,2";
				TEST_HOST = "$(BUILT_PRODUCTS_DIR)/lab10.app/lab10";
			};
			name = Debug;
		};
		F79AC2BC27513289008C5395 /* Release */ = {
			isa = XCBuildConfiguration;
			buildSettings = {
				ALWAYS_EMBED_SWIFT_STANDARD_LIBRARIES = YES;
				BUNDLE_LOADER = "$(TEST_HOST)";
				CODE_SIGN_STYLE = Automatic;
				CURRENT_PROJECT_VERSION = 1;
				DEVELOPMENT_TEAM = 327B3A875Q;
				GENERATE_INFOPLIST_FILE = YES;
				IPHONEOS_DEPLOYMENT_TARGET = 15.0;
				LD_RUNPATH_SEARCH_PATHS = (
					"$(inherited)",
					"@executable_path/Frameworks",
					"@loader_path/Frameworks",
				);
				MARKETING_VERSION = 1.0;
				PRODUCT_BUNDLE_IDENTIFIER = iitu.lab10Tests;
				PRODUCT_NAME = "$(TARGET_NAME)";
				SWIFT_EMIT_LOC_STRINGS = NO;
				SWIFT_VERSION = 5.0;
				TARGETED_DEVICE_FAMILY = "1,2";
				TEST_HOST = "$(BUILT_PRODUCTS_DIR)/lab10.app/lab10";
			};
			name = Release;
		};
		F79AC2BE27513289008C5395 /* Debug */ = {
			isa = XCBuildConfiguration;
			buildSettings = {
				ALWAYS_EMBED_SWIFT_STANDARD_LIBRARIES = YES;
				CODE_SIGN_STYLE = Automatic;
				CURRENT_PROJECT_VERSION = 1;
				DEVELOPMENT_TEAM = 327B3A875Q;
				GENERATE_INFOPLIST_FILE = YES;
				LD_RUNPATH_SEARCH_PATHS = (
					"$(inherited)",
					"@executable_path/Frameworks",
					"@loader_path/Frameworks",
				);
				MARKETING_VERSION = 1.0;
				PRODUCT_BUNDLE_IDENTIFIER = iitu.lab10UITests;
				PRODUCT_NAME = "$(TARGET_NAME)";
				SWIFT_EMIT_LOC_STRINGS = NO;
				SWIFT_VERSION = 5.0;
				TARGETED_DEVICE_FAMILY = "1,2";
				TEST_TARGET_NAME = lab10;
			};
			name = Debug;
		};
		F79AC2BF27513289008C5395 /* Release */ = {
			isa = XCBuildConfiguration;
			buildSettings = {
				ALWAYS_EMBED_SWIFT_STANDARD_LIBRARIES = YES;
				CODE_SIGN_STYLE = Automatic;
				CURRENT_PROJECT_VERSION = 1;
				DEVELOPMENT_TEAM = 327B3A875Q;
				GENERATE_INFOPLIST_FILE = YES;
				LD_RUNPATH_SEARCH_PATHS = (
					"$(inherited)",
					"@executable_path/Frameworks",
					"@loader_path/Frameworks",
				);
				MARKETING_VERSION = 1.0;
				PRODUCT_BUNDLE_IDENTIFIER = iitu.lab10UITests;
				PRODUCT_NAME = "$(TARGET_NAME)";
				SWIFT_EMIT_LOC_STRINGS = NO;
				SWIFT_VERSION = 5.0;
				TARGETED_DEVICE_FAMILY = "1,2";
				TEST_TARGET_NAME = lab10;
			};
			name = Release;
		};
/* End XCBuildConfiguration section */

/* Begin XCConfigurationList section */
		F79AC28827513287008C5395 /* Build configuration list for PBXProject "lab10" */ = {
			isa = XCConfigurationList;
			buildConfigurations = (
				F79AC2B527513289008C5395 /* Debug */,
				F79AC2B627513289008C5395 /* Release */,
			);
			defaultConfigurationIsVisible = 0;
			defaultConfigurationName = Release;
		};
		F79AC2B727513289008C5395 /* Build configuration list for PBXNativeTarget "lab10" */ = {
			isa = XCConfigurationList;
			buildConfigurations = (
				F79AC2B827513289008C5395 /* Debug */,
				F79AC2B927513289008C5395 /* Release */,
			);
			defaultConfigurationIsVisible = 0;
			defaultConfigurationName = Release;
		};
		F79AC2BA27513289008C5395 /* Build configuration list for PBXNativeTarget "lab10Tests" */ = {
			isa = XCConfigurationList;
			buildConfigurations = (
				F79AC2BB27513289008C5395 /* Debug */,
				F79AC2BC27513289008C5395 /* Release */,
			);
			defaultConfigurationIsVisible = 0;
			defaultConfigurationName = Release;
		};
		F79AC2BD27513289008C5395 /* Build configuration list for PBXNativeTarget "lab10UITests" */ = {
			isa = XCConfigurationList;
			buildConfigurations = (
				F79AC2BE27513289008C5395 /* Debug */,
				F79AC2BF27513289008C5395 /* Release */,
			);
			defaultConfigurationIsVisible = 0;
			defaultConfigurationName = Release;
		};
/* End XCConfigurationList section */
	};
	rootObject = F79AC28527513287008C5395 /* Project object */;
}
